{
  "name": "@ant-design/maps",
  "version": "0.0.1-beta.3",
  "lockfileVersion": 1,
  "requires": true,
  "dependencies": {
    "@amap/amap-jsapi-loader": {
      "version": "0.0.3",
      "resolved": "https://registry.npmjs.org/@amap/amap-jsapi-loader/-/amap-jsapi-loader-0.0.3.tgz",
      "integrity": "sha512-3Tz50UdmRY2BiONK/mafEQzshYGUinK2hmDlKjYtoJHC/aVydiMOolHENWmP98F603RcrWTM7aLxOFMgesFfug=="
    },
    "@antv/async-hook": {
      "version": "2.1.0",
      "resolved": "https://registry.npmjs.org/@antv/async-hook/-/async-hook-2.1.0.tgz",
      "integrity": "sha512-q7Rup5jTDAiWh77Xb2vgkCURJGczmU2iWTCkBDq28PuK5KUoenyeGGrFKAVkgqaL663wdpw0Vzn+sYriTfT9hA==",
      "requires": {
        "async": "^3.1.1"
      }
    },
    "@antv/dom-util": {
      "version": "2.0.3",
      "resolved": "https://registry.npmjs.org/@antv/dom-util/-/dom-util-2.0.3.tgz",
      "integrity": "sha512-dUHsUT4U9X1T1/Y9bH3jRMe0MzvWJk2jSQm1vm3w9NX+Ra0ftq5VUBiGTNbthm3nFwG0fFFjip904rYjl50g4A==",
      "requires": {
        "tslib": "^2.0.3"
      }
    },
    "@antv/event-emitter": {
      "version": "0.1.2",
      "resolved": "https://registry.npmjs.org/@antv/event-emitter/-/event-emitter-0.1.2.tgz",
      "integrity": "sha512-6C6NJOdoNVptCr5y9BVOhKkCgW7LFs/SpcRyAExUeSjAm0zJqcqNkSIRGsXYhj4PJI+CZICHzGwwiSnIsE68Ug=="
    },
    "@antv/geo-coord": {
      "version": "1.0.8",
      "resolved": "https://registry.npmjs.org/@antv/geo-coord/-/geo-coord-1.0.8.tgz",
      "integrity": "sha512-4eLAVh9HDWNAuUAny6mI0U9CQ7NXlmVffR6LhZ7OYbDC5NeFV65gWfUTjzotQXK+6eXU5/8vDhHl8YestLkB5Q==",
      "requires": {
        "@antv/gl-matrix": "^2.7.1",
        "@antv/util": "~2.0.1"
      }
    },
    "@antv/gl-matrix": {
      "version": "2.7.1",
      "resolved": "https://registry.npmjs.org/@antv/gl-matrix/-/gl-matrix-2.7.1.tgz",
      "integrity": "sha512-oOWcVNlpELIKi9x+Mm1Vwbz8pXfkbJKykoCIOJ/dNK79hSIANbpXJ5d3Rra9/wZqK6MC961B7sybFhPlLraT3Q=="
    },
    "@antv/l7": {
      "version": "2.5.57",
      "resolved": "https://registry.npmjs.org/@antv/l7/-/l7-2.5.57.tgz",
      "integrity": "sha512-QDHQny4n4S7DKdHqq2T34VUls+7FAukNsAUk33vYozusBVTOup21WoHgHA4CcA8ozYewp2RJp1X3dz3SNsQKyA==",
      "requires": {
        "@antv/l7-component": "^2.5.57",
        "@antv/l7-core": "^2.5.57",
        "@antv/l7-layers": "^2.5.57",
        "@antv/l7-maps": "^2.5.57",
        "@antv/l7-scene": "^2.5.57",
        "@antv/l7-utils": "^2.5.57",
        "@babel/runtime": "^7.7.7"
      }
    },
    "@antv/l7-component": {
      "version": "2.5.57",
      "resolved": "https://registry.npmjs.org/@antv/l7-component/-/l7-component-2.5.57.tgz",
      "integrity": "sha512-i9hfSNOAc/beWmc5uPnC2BuyFykbA1zkb+jT5ioL/3DG5+PbwQVss9dG+IDR2rZyltRUvCHPzkmMSKO5wUK5Qw==",
      "requires": {
        "@antv/l7-core": "^2.5.57",
        "@antv/l7-utils": "^2.5.57",
        "@babel/runtime": "^7.7.7",
        "eventemitter3": "^4.0.0",
        "inversify": "^5.0.1",
        "reflect-metadata": "^0.1.13"
      }
    },
    "@antv/l7-core": {
      "version": "2.5.57",
      "resolved": "https://registry.npmjs.org/@antv/l7-core/-/l7-core-2.5.57.tgz",
      "integrity": "sha512-7qdHxcuzd1XkTC9lW30coV8V/cS8frdPKyIg9XZM9aOUjUzxBljEbuVCkN20cBSSQBCCbYY1oxM4vz9MHxEG+A==",
      "requires": {
        "@antv/async-hook": "^2.1.0",
        "@antv/l7-utils": "^2.5.57",
        "@babel/runtime": "^7.7.7",
        "ajv": "^6.10.2",
        "element-resize-event": "^3.0.3",
        "eventemitter3": "^4.0.0",
        "gl-matrix": "^3.1.0",
        "inversify": "^5.0.1",
        "inversify-inject-decorators": "^3.1.0",
        "l7-tiny-sdf": "^0.0.2",
        "l7hammerjs": "^0.0.6",
        "lodash": "^4.17.15",
        "reflect-metadata": "^0.1.13",
        "viewport-mercator-project": "^6.2.1"
      }
    },
    "@antv/l7-layers": {
      "version": "2.5.57",
      "resolved": "https://registry.npmjs.org/@antv/l7-layers/-/l7-layers-2.5.57.tgz",
      "integrity": "sha512-CAs6yKq6KZjCajI7lmEXEKgncrZfR0hbJJbiHjydvE5dUHXW/jXtBbwNQWb1d1zjX1vmwReCovWQNfAyUNgG1Q==",
      "requires": {
        "@antv/geo-coord": "^1.0.8",
        "@antv/l7-core": "^2.5.57",
        "@antv/l7-source": "^2.5.57",
        "@antv/l7-utils": "^2.5.57",
        "@babel/runtime": "^7.7.7",
        "@mapbox/martini": "^0.2.0",
        "@turf/meta": "^6.0.2",
        "d3-array": "1",
        "d3-color": "^1.4.0",
        "d3-scale": "2",
        "earcut": "^2.2.1",
        "eventemitter3": "^4.0.0",
        "extrude-polyline": "^1.0.6",
        "gl-matrix": "^3.1.0",
        "gl-vec2": "^1.3.0",
        "inversify": "^5.0.1",
        "lodash": "^4.17.15",
        "merge-json-schemas": "1.0.0",
        "polyline-miter-util": "^1.0.1",
        "reflect-metadata": "^0.1.13"
      }
    },
    "@antv/l7-map": {
      "version": "2.5.57",
      "resolved": "https://registry.npmjs.org/@antv/l7-map/-/l7-map-2.5.57.tgz",
      "integrity": "sha512-RCKTjKGjthrher9N8mH0gBeaIObSGXWNSviIW1E5HHO+DVNXZvCUgBgsl0sttJQDSC9h//nmUzxH82bAsblv/A==",
      "requires": {
        "@antv/l7-utils": "^2.5.57",
        "@babel/runtime": "^7.7.7",
        "@mapbox/point-geometry": "^0.1.0",
        "@mapbox/unitbezier": "^0.0.0",
        "eventemitter3": "^4.0.4",
        "lodash": "^4.17.15"
      }
    },
    "@antv/l7-maps": {
      "version": "2.5.57",
      "resolved": "https://registry.npmjs.org/@antv/l7-maps/-/l7-maps-2.5.57.tgz",
      "integrity": "sha512-8ZclqOZY7U7YrRvgCzAYK582z4l1pNzXyfub4m4vs/RkFkYUi4+CQFTHKfbB+RVz3UAI+7AuuAh9nvETYxIv3w==",
      "requires": {
        "@amap/amap-jsapi-loader": "^0.0.3",
        "@antv/l7-core": "^2.5.57",
        "@antv/l7-map": "^2.5.57",
        "@antv/l7-utils": "^2.5.57",
        "@babel/runtime": "^7.7.7",
        "@types/amap-js-api": "^1.4.6",
        "@types/mapbox-gl": "^1.11.2",
        "gl-matrix": "^3.1.0",
        "inversify": "^5.0.1",
        "mapbox-gl": "^1.2.1",
        "reflect-metadata": "^0.1.13",
        "viewport-mercator-project": "^6.2.1"
      }
    },
    "@antv/l7-renderer": {
      "version": "2.5.57",
      "resolved": "https://registry.npmjs.org/@antv/l7-renderer/-/l7-renderer-2.5.57.tgz",
      "integrity": "sha512-oeWrpFx6NxEqxjs7Q7q2xaM6xEwFFJ0zz76OU8qgInXozMUk788+FoqJcN5n4hLFMVBG5a7OOYyStNdGt8uRUQ==",
      "requires": {
        "@antv/l7-core": "^2.5.57",
        "@babel/runtime": "^7.7.7",
        "inversify": "^5.0.1",
        "l7regl": "^0.0.16",
        "lodash": "^4.17.15",
        "reflect-metadata": "^0.1.13"
      }
    },
    "@antv/l7-scene": {
      "version": "2.5.57",
      "resolved": "https://registry.npmjs.org/@antv/l7-scene/-/l7-scene-2.5.57.tgz",
      "integrity": "sha512-ThlTe4p1kaGGtxkUF7h2+8I082uNnyIcEOwHbZwQjVL+4z6wKY+nVmMPDxt8QMa6hJzlYK6HbE+qaqKYrwnTKg==",
      "requires": {
        "@antv/l7-component": "^2.5.57",
        "@antv/l7-core": "^2.5.57",
        "@antv/l7-layers": "^2.5.57",
        "@antv/l7-maps": "^2.5.57",
        "@antv/l7-renderer": "^2.5.57",
        "@antv/l7-utils": "^2.5.57",
        "@babel/runtime": "^7.7.7",
        "inversify": "^5.0.1",
        "mapbox-gl": "^1.2.1",
        "reflect-metadata": "^0.1.13"
      }
    },
    "@antv/l7-source": {
      "version": "2.5.57",
      "resolved": "https://registry.npmjs.org/@antv/l7-source/-/l7-source-2.5.57.tgz",
      "integrity": "sha512-5qrZSdHpKB1uFMyh6e16t5lv8aMPbVIJof2/hJSu7tJupJC3T4ZPPzcZyYc4UpFC3jsqwok/KyG8KsPYYCOvyQ==",
      "requires": {
        "@antv/async-hook": "^2.1.0",
        "@antv/l7-core": "^2.5.57",
        "@antv/l7-utils": "^2.5.57",
        "@babel/runtime": "^7.7.7",
        "@mapbox/geojson-rewind": "^0.4.0",
        "@turf/helpers": "^6.1.4",
        "@turf/invariant": "^6.1.2",
        "@turf/meta": "^6.0.2",
        "d3-dsv": "^1.1.1",
        "d3-hexbin": "^0.2.2",
        "eventemitter3": "^4.0.0",
        "inversify": "^5.0.1",
        "lodash": "^4.17.15",
        "reflect-metadata": "^0.1.13",
        "supercluster": "^7.0.0"
      }
    },
    "@antv/l7-utils": {
      "version": "2.5.57",
      "resolved": "https://registry.npmjs.org/@antv/l7-utils/-/l7-utils-2.5.57.tgz",
      "integrity": "sha512-vvNVURIEG9VO3eOCLobVhnbSEbTLnDWBEZyLuezhhI9guIgg7fUYlHWmuhkrfRYFq5Z2N4rcvArpkfDRIZgrGQ==",
      "requires": {
        "@babel/runtime": "^7.7.7",
        "@turf/helpers": "^6.1.4",
        "d3-color": "^1.4.0"
      }
    },
    "@antv/l7plot": {
      "version": "0.0.3-alpha.5",
      "resolved": "https://registry.npmjs.org/@antv/l7plot/-/l7plot-0.0.3-alpha.5.tgz",
      "integrity": "sha512-XvqAxZ40FiTwUL9M70Oh/nVOegBPhYF+ZUeLfZY/uE4cuR9rkbeXdqLEcUkHg4S7KGJDrXYMEQ6Ms8nUtZaqDg==",
      "requires": {
        "@antv/event-emitter": "^0.1.2",
        "@antv/l7": "^2.5.5",
        "@antv/l7plot-component": "^0.0.3-alpha.5",
        "@antv/util": "^2.0.13",
        "lodash-es": "^4.17.21",
        "topojson-client": "^3.1.0"
      }
    },
    "@antv/l7plot-component": {
      "version": "0.0.3-alpha.5",
      "resolved": "https://registry.npmjs.org/@antv/l7plot-component/-/l7plot-component-0.0.3-alpha.5.tgz",
      "integrity": "sha512-cXN+0UbaM0TJIW53PgGo7NIY4rLizcdsO9mYE+0Q8Cim4o3zuyISXGY+9ecprkSd+ZEnx26BMz50NXtRVbq2Aw==",
      "requires": {
        "@antv/dom-util": "^2.0.3",
        "@antv/util": "^2.0.14"
      }
    },
    "@antv/util": {
      "version": "2.0.17",
      "resolved": "https://registry.npmjs.org/@antv/util/-/util-2.0.17.tgz",
      "integrity": "sha512-o6I9hi5CIUvLGDhth0RxNSFDRwXeywmt6ExR4+RmVAzIi48ps6HUy+svxOCayvrPBN37uE6TAc2KDofRo0nK9Q==",
      "requires": {
        "csstype": "^3.0.8",
        "tslib": "^2.0.3"
      }
    },
    "@babel/runtime": {
      "version": "7.16.3",
      "resolved": "https://registry.npmjs.org/@babel/runtime/-/runtime-7.16.3.tgz",
      "integrity": "sha512-WBwekcqacdY2e9AF/Q7WLFUWmdJGJTkbjqTjoMDgXkVZ3ZRUvOPsLb5KdwISoQVsbP+DQzVZW4Zhci0DvpbNTQ==",
      "requires": {
        "regenerator-runtime": "^0.13.4"
      }
    },
    "@mapbox/geojson-area": {
      "version": "0.2.2",
      "resolved": "https://registry.npmjs.org/@mapbox/geojson-area/-/geojson-area-0.2.2.tgz",
      "integrity": "sha1-GNeBSqNr8j+7zDefjiaiKSfevxA=",
      "requires": {
        "wgs84": "0.0.0"
      }
    },
    "@mapbox/geojson-rewind": {
      "version": "0.4.1",
      "resolved": "https://registry.npmjs.org/@mapbox/geojson-rewind/-/geojson-rewind-0.4.1.tgz",
      "integrity": "sha512-mxo2MEr7izA1uOXcDsw99Kgg6xW3P4H2j4n1lmldsgviIelpssvP+jQDivFKOHrOVJDpTTi5oZJvRcHtU9Uufw==",
      "requires": {
        "@mapbox/geojson-area": "0.2.2",
        "concat-stream": "~1.6.0",
        "minimist": "^1.2.5",
        "sharkdown": "^0.1.0"
      }
    },
    "@mapbox/geojson-types": {
      "version": "1.0.2",
      "resolved": "https://registry.npmjs.org/@mapbox/geojson-types/-/geojson-types-1.0.2.tgz",
      "integrity": "sha512-e9EBqHHv3EORHrSfbR9DqecPNn+AmuAoQxV6aL8Xu30bJMJR1o8PZLZzpk1Wq7/NfCbuhmakHTPYRhoqLsXRnw=="
    },
    "@mapbox/jsonlint-lines-primitives": {
      "version": "2.0.2",
      "resolved": "https://registry.npmjs.org/@mapbox/jsonlint-lines-primitives/-/jsonlint-lines-primitives-2.0.2.tgz",
      "integrity": "sha1-zlblOfg1UrWNENZy6k1vya3HsjQ="
    },
    "@mapbox/mapbox-gl-supported": {
      "version": "1.5.0",
      "resolved": "https://registry.npmjs.org/@mapbox/mapbox-gl-supported/-/mapbox-gl-supported-1.5.0.tgz",
      "integrity": "sha512-/PT1P6DNf7vjEEiPkVIRJkvibbqWtqnyGaBz3nfRdcxclNSnSdaLU5tfAgcD7I8Yt5i+L19s406YLl1koLnLbg=="
    },
    "@mapbox/martini": {
      "version": "0.2.0",
      "resolved": "https://registry.npmjs.org/@mapbox/martini/-/martini-0.2.0.tgz",
      "integrity": "sha512-7hFhtkb0KTLEls+TRw/rWayq5EeHtTaErgm/NskVoXmtgAQu/9D299aeyj6mzAR/6XUnYRp2lU+4IcrYRFjVsQ=="
    },
    "@mapbox/point-geometry": {
      "version": "0.1.0",
      "resolved": "https://registry.npmjs.org/@mapbox/point-geometry/-/point-geometry-0.1.0.tgz",
      "integrity": "sha1-ioP5M1x4YO/6Lu7KJUMyqgru2PI="
    },
    "@mapbox/tiny-sdf": {
      "version": "1.2.5",
      "resolved": "https://registry.npmjs.org/@mapbox/tiny-sdf/-/tiny-sdf-1.2.5.tgz",
      "integrity": "sha512-cD8A/zJlm6fdJOk6DqPUV8mcpyJkRz2x2R+/fYcWDYG3oWbG7/L7Yl/WqQ1VZCjnL9OTIMAn6c+BC5Eru4sQEw=="
    },
    "@mapbox/unitbezier": {
      "version": "0.0.0",
      "resolved": "https://registry.npmjs.org/@mapbox/unitbezier/-/unitbezier-0.0.0.tgz",
      "integrity": "sha1-FWUb1VOme4WB+zmIEMmK2Go0Uk4="
    },
    "@mapbox/vector-tile": {
      "version": "1.3.1",
      "resolved": "https://registry.npmjs.org/@mapbox/vector-tile/-/vector-tile-1.3.1.tgz",
      "integrity": "sha512-MCEddb8u44/xfQ3oD+Srl/tNcQoqTw3goGk2oLsrFxOTc3dUp+kAnby3PvAeeBYSMSjSPD1nd1AJA6W49WnoUw==",
      "requires": {
        "@mapbox/point-geometry": "~0.1.0"
      }
    },
    "@mapbox/whoots-js": {
      "version": "3.1.0",
      "resolved": "https://registry.npmjs.org/@mapbox/whoots-js/-/whoots-js-3.1.0.tgz",
      "integrity": "sha512-Es6WcD0nO5l+2BOQS4uLfNPYQaNDfbot3X1XUoloz+x0mPDS3eeORZJl06HXjwBG1fOGwCRnzK88LMdxKRrd6Q=="
    },
    "@turf/helpers": {
      "version": "6.5.0",
      "resolved": "https://registry.npmjs.org/@turf/helpers/-/helpers-6.5.0.tgz",
      "integrity": "sha512-VbI1dV5bLFzohYYdgqwikdMVpe7pJ9X3E+dlr425wa2/sMJqYDhTO++ec38/pcPvPE6oD9WEEeU3Xu3gza+VPw=="
    },
    "@turf/invariant": {
      "version": "6.5.0",
      "resolved": "https://registry.npmjs.org/@turf/invariant/-/invariant-6.5.0.tgz",
      "integrity": "sha512-Wv8PRNCtPD31UVbdJE/KVAWKe7l6US+lJItRR/HOEW3eh+U/JwRCSUl/KZ7bmjM/C+zLNoreM2TU6OoLACs4eg==",
      "requires": {
        "@turf/helpers": "^6.5.0"
      }
    },
    "@turf/meta": {
      "version": "6.5.0",
      "resolved": "https://registry.npmjs.org/@turf/meta/-/meta-6.5.0.tgz",
      "integrity": "sha512-RrArvtsV0vdsCBegoBtOalgdSOfkBrTJ07VkpiCnq/491W67hnMWmDu7e6Ztw0C3WldRYTXkg3SumfdzZxLBHA==",
      "requires": {
        "@turf/helpers": "^6.5.0"
      }
    },
    "@types/acorn": {
      "version": "4.0.6",
      "resolved": "https://registry.npmjs.org/@types/acorn/-/acorn-4.0.6.tgz",
      "integrity": "sha512-veQTnWP+1D/xbxVrPC3zHnCZRjSrKfhbMUlEA43iMZLu7EsnTtkJklIuwrCPbOi8YkvDQAiW05VQQFvvz9oieQ==",
      "requires": {
        "@types/estree": "*"
      }
    },
    "@types/amap-js-api": {
      "version": "1.4.10",
      "resolved": "https://registry.npmjs.org/@types/amap-js-api/-/amap-js-api-1.4.10.tgz",
      "integrity": "sha512-AcYR7/GFBazu3Ho+psX+s1D2e+6G5yfplKAQ9js0NJ09SlvB9dAz10sbfzv/cvaKV1hgE1m9MzC2UVVbsqiSIg=="
    },
    "@types/estree": {
      "version": "0.0.41",
      "resolved": "https://registry.npmjs.org/@types/estree/-/estree-0.0.41.tgz",
      "integrity": "sha512-rIAmXyJlqw4KEBO7+u9gxZZSQHaCNnIzYrnNmYVpgfJhxTqO0brCX0SYpqUTkVI5mwwUwzmtspLBGBKroMeynA=="
    },
    "@types/geojson": {
      "version": "7946.0.8",
      "resolved": "https://registry.npmjs.org/@types/geojson/-/geojson-7946.0.8.tgz",
      "integrity": "sha512-1rkryxURpr6aWP7R786/UQOkJ3PcpQiWkAXBmdWc7ryFWqN6a4xfK7BtjXvFBKO9LjQ+MWQSWxYeZX1OApnArA=="
    },
    "@types/mapbox-gl": {
      "version": "1.13.2",
      "resolved": "https://registry.npmjs.org/@types/mapbox-gl/-/mapbox-gl-1.13.2.tgz",
      "integrity": "sha512-sv69WkijddNCIdLLyUsG90+X3Lh67a26lKsqaL8WbmXMkWITDrshe+sc9BI8oUV7sh+XD0jraI3qBe0NtJs7dw==",
      "requires": {
        "@types/geojson": "*"
      }
    },
    "acorn": {
      "version": "7.4.1",
      "resolved": "https://registry.npmjs.org/acorn/-/acorn-7.4.1.tgz",
      "integrity": "sha512-nQyp0o1/mNdbTO1PO6kHkwSrmgZ0MT/jCCpNiwbUjGoRN4dlBhqJtoQuCnEOKzgTVwg0ZWiCoQy6SxMebQVh8A=="
    },
    "ajv": {
      "version": "6.12.6",
      "resolved": "https://registry.npmjs.org/ajv/-/ajv-6.12.6.tgz",
      "integrity": "sha512-j3fVLgvTo527anyYyJOGTYJbG+vnnQYvE0m5mmkc1TK+nxAppkCLMIL0aZ4dblVCNoGShhm+kzE4ZUykBoMg4g==",
      "requires": {
        "fast-deep-equal": "^3.1.1",
        "fast-json-stable-stringify": "^2.0.0",
        "json-schema-traverse": "^0.4.1",
        "uri-js": "^4.2.2"
      }
    },
    "ansicolors": {
      "version": "0.2.1",
      "resolved": "https://registry.npmjs.org/ansicolors/-/ansicolors-0.2.1.tgz",
      "integrity": "sha1-vgiVmQl7dKXJxKhKDNvNtivYeu8="
    },
    "as-number": {
      "version": "1.0.0",
      "resolved": "https://registry.npmjs.org/as-number/-/as-number-1.0.0.tgz",
      "integrity": "sha1-rLJ+NPj52KsNqeN287iVmGD4CmY="
    },
    "async": {
      "version": "3.2.2",
      "resolved": "https://registry.npmjs.org/async/-/async-3.2.2.tgz",
      "integrity": "sha512-H0E+qZaDEfx/FY4t7iLRv1W2fFI6+pyCeTw1uN20AQPiwqwM6ojPxHxdLv4z8hi2DtnW9BOckSspLucW7pIE5g=="
    },
    "buffer-from": {
      "version": "1.1.2",
      "resolved": "https://registry.npmjs.org/buffer-from/-/buffer-from-1.1.2.tgz",
      "integrity": "sha512-E+XQCRwSbaaiChtv6k6Dwgc+bx+Bs6vuKJHHl5kox/BaKbhiXzqQOwK4cO22yElGp2OCmjwVhT3HmxgyPGnJfQ=="
    },
    "cardinal": {
      "version": "0.4.4",
      "resolved": "https://registry.npmjs.org/cardinal/-/cardinal-0.4.4.tgz",
      "integrity": "sha1-ylu2iltRG5D+k7ms6km97lwyv+I=",
      "requires": {
        "ansicolors": "~0.2.1",
        "redeyed": "~0.4.0"
      }
    },
    "commander": {
      "version": "2.20.3",
      "resolved": "https://registry.npmjs.org/commander/-/commander-2.20.3.tgz",
      "integrity": "sha512-GpVkmM8vF2vQUkj2LvZmD35JxeJOLCwJ9cUkugyk2nuhbv3+mJvpLYYt+0+USMxE+oj+ey/lJEnhZw75x/OMcQ=="
    },
    "concat-stream": {
      "version": "1.6.2",
      "resolved": "https://registry.npmjs.org/concat-stream/-/concat-stream-1.6.2.tgz",
      "integrity": "sha512-27HBghJxjiZtIk3Ycvn/4kbJk/1uZuJFfuPEns6LaEvpvG1f0hTea8lilrouyo9mVc2GWdcEZ8OLoGmSADlrCw==",
      "requires": {
        "buffer-from": "^1.0.0",
        "inherits": "^2.0.3",
        "readable-stream": "^2.2.2",
        "typedarray": "^0.0.6"
      }
    },
    "core-util-is": {
      "version": "1.0.3",
      "resolved": "https://registry.npmjs.org/core-util-is/-/core-util-is-1.0.3.tgz",
      "integrity": "sha512-ZQBvi1DcpJ4GDqanjucZ2Hj3wEO5pZDS89BWbkcrvdxksJorwUDDZamX9ldFkp9aw2lmBDLgkObEA4DWNJ9FYQ=="
    },
    "csscolorparser": {
      "version": "1.0.3",
      "resolved": "https://registry.npmjs.org/csscolorparser/-/csscolorparser-1.0.3.tgz",
      "integrity": "sha1-s085HupNqPPpgjHizNjfnAQfFxs="
    },
    "csstype": {
      "version": "3.0.10",
      "resolved": "https://registry.npmjs.org/csstype/-/csstype-3.0.10.tgz",
      "integrity": "sha512-2u44ZG2OcNUO9HDp/Jl8C07x6pU/eTR3ncV91SiK3dhG9TWvRVsCoJw14Ckx5DgWkzGA3waZWO3d7pgqpUI/XA=="
    },
    "d3-array": {
      "version": "1.2.4",
      "resolved": "https://registry.npmjs.org/d3-array/-/d3-array-1.2.4.tgz",
      "integrity": "sha512-KHW6M86R+FUPYGb3R5XiYjXPq7VzwxZ22buHhAEVG5ztoEcZZMLov530mmccaqA1GghZArjQV46fuc8kUqhhHw=="
    },
    "d3-collection": {
      "version": "1.0.7",
      "resolved": "https://registry.npmjs.org/d3-collection/-/d3-collection-1.0.7.tgz",
      "integrity": "sha512-ii0/r5f4sjKNTfh84Di+DpztYwqKhEyUlKoPrzUFfeSkWxjW49xU2QzO9qrPrNkpdI0XJkfzvmTu8V2Zylln6A=="
    },
    "d3-color": {
      "version": "1.4.1",
      "resolved": "https://registry.npmjs.org/d3-color/-/d3-color-1.4.1.tgz",
      "integrity": "sha512-p2sTHSLCJI2QKunbGb7ocOh7DgTAn8IrLx21QRc/BSnodXM4sv6aLQlnfpvehFMLZEfBc6g9pH9SWQccFYfJ9Q=="
    },
    "d3-dsv": {
      "version": "1.2.0",
      "resolved": "https://registry.npmjs.org/d3-dsv/-/d3-dsv-1.2.0.tgz",
      "integrity": "sha512-9yVlqvZcSOMhCYzniHE7EVUws7Fa1zgw+/EAV2BxJoG3ME19V6BQFBwI855XQDsxyOuG7NibqRMTtiF/Qup46g==",
      "requires": {
        "commander": "2",
        "iconv-lite": "0.4",
        "rw": "1"
      }
    },
    "d3-format": {
      "version": "1.4.5",
      "resolved": "https://registry.npmjs.org/d3-format/-/d3-format-1.4.5.tgz",
      "integrity": "sha512-J0piedu6Z8iB6TbIGfZgDzfXxUFN3qQRMofy2oPdXzQibYGqPB/9iMcxr/TGalU+2RsyDO+U4f33id8tbnSRMQ=="
    },
    "d3-hexbin": {
      "version": "0.2.2",
      "resolved": "https://registry.npmjs.org/d3-hexbin/-/d3-hexbin-0.2.2.tgz",
      "integrity": "sha1-nFg32s/UcasFM3qeke8Qv8T5iDE="
    },
    "d3-interpolate": {
      "version": "1.4.0",
      "resolved": "https://registry.npmjs.org/d3-interpolate/-/d3-interpolate-1.4.0.tgz",
      "integrity": "sha512-V9znK0zc3jOPV4VD2zZn0sDhZU3WAE2bmlxdIwwQPPzPjvyLkd8B3JUVdS1IDUFDkWZ72c9qnv1GK2ZagTZ8EA==",
      "requires": {
        "d3-color": "1"
      }
    },
    "d3-scale": {
      "version": "2.2.2",
      "resolved": "https://registry.npmjs.org/d3-scale/-/d3-scale-2.2.2.tgz",
      "integrity": "sha512-LbeEvGgIb8UMcAa0EATLNX0lelKWGYDQiPdHj+gLblGVhGLyNbaCn3EvrJf0A3Y/uOOU5aD6MTh5ZFCdEwGiCw==",
      "requires": {
        "d3-array": "^1.2.0",
        "d3-collection": "1",
        "d3-format": "1",
        "d3-interpolate": "1",
        "d3-time": "1",
        "d3-time-format": "2"
      }
    },
    "d3-time": {
      "version": "1.1.0",
      "resolved": "https://registry.npmjs.org/d3-time/-/d3-time-1.1.0.tgz",
      "integrity": "sha512-Xh0isrZ5rPYYdqhAVk8VLnMEidhz5aP7htAADH6MfzgmmicPkTo8LhkLxci61/lCB7n7UmE3bN0leRt+qvkLxA=="
    },
    "d3-time-format": {
      "version": "2.3.0",
      "resolved": "https://registry.npmjs.org/d3-time-format/-/d3-time-format-2.3.0.tgz",
      "integrity": "sha512-guv6b2H37s2Uq/GefleCDtbe0XZAuy7Wa49VGkPVPMfLL9qObgBST3lEHJBMUp8S7NdLQAGIvr2KXk8Hc98iKQ==",
      "requires": {
        "d3-time": "1"
      }
    },
    "earcut": {
      "version": "2.2.3",
      "resolved": "https://registry.npmjs.org/earcut/-/earcut-2.2.3.tgz",
      "integrity": "sha512-iRDI1QeCQIhMCZk48DRDMVgQSSBDmbzzNhnxIo+pwx3swkfjMh6vh0nWLq1NdvGHLKH6wIrAM3vQWeTj6qeoug=="
    },
    "element-resize-event": {
      "version": "3.0.6",
      "resolved": "https://registry.npmjs.org/element-resize-event/-/element-resize-event-3.0.6.tgz",
      "integrity": "sha512-sSeXY9rNDp86bJODW68pxLcy3A5FrPZfIgOrJHzqgYzX513Zq6/ytdBigp7KeJEpZZopBBSiO1cVuiRkZpNxLw=="
    },
    "esprima": {
      "version": "1.0.4",
      "resolved": "https://registry.npmjs.org/esprima/-/esprima-1.0.4.tgz",
      "integrity": "sha1-n1V+CPw7TSbs6d00+Pv0drYlha0="
    },
    "eventemitter3": {
      "version": "4.0.7",
      "resolved": "https://registry.npmjs.org/eventemitter3/-/eventemitter3-4.0.7.tgz",
      "integrity": "sha512-8guHBZCwKnFhYdHr2ysuRWErTwhoN2X8XELRlrRwpmfeY2jjuUN4taQMsULKUVo1K4DvZl+0pgfyoysHxvmvEw=="
    },
    "extrude-polyline": {
      "version": "1.0.6",
      "resolved": "https://registry.npmjs.org/extrude-polyline/-/extrude-polyline-1.0.6.tgz",
      "integrity": "sha1-fmr+HzSaQYL6P2GgDZOXm5XxiyA=",
      "requires": {
        "as-number": "^1.0.0",
        "gl-vec2": "^1.0.0",
        "polyline-miter-util": "^1.0.1"
      }
    },
    "falafel": {
      "version": "2.2.4",
      "resolved": "https://registry.npmjs.org/falafel/-/falafel-2.2.4.tgz",
      "integrity": "sha512-0HXjo8XASWRmsS0X1EkhwEMZaD3Qvp7FfURwjLKjG1ghfRm/MGZl2r4cWUTv41KdNghTw4OUMmVtdGQp3+H+uQ==",
      "requires": {
        "acorn": "^7.1.1",
        "foreach": "^2.0.5",
        "isarray": "^2.0.1",
        "object-keys": "^1.0.6"
      },
      "dependencies": {
        "isarray": {
          "version": "2.0.5",
          "resolved": "https://registry.npmjs.org/isarray/-/isarray-2.0.5.tgz",
          "integrity": "sha512-xHjhDr3cNBK0BzdUJSPXZntQUx/mwMS5Rw4A7lPJ90XGAO6ISP/ePDNuo0vhqOZU+UD5JoodwCAAoZQd3FeAKw=="
        }
      }
    },
    "fast-deep-equal": {
      "version": "3.1.3",
      "resolved": "https://registry.npmjs.org/fast-deep-equal/-/fast-deep-equal-3.1.3.tgz",
      "integrity": "sha512-f3qQ9oQy9j2AhBe/H9VC91wLmKBCCU/gDOnKNAYG5hswO7BLKj09Hc5HYNz9cGI++xlpDCIgDaitVs03ATR84Q=="
    },
    "fast-json-stable-stringify": {
      "version": "2.1.0",
      "resolved": "https://registry.npmjs.org/fast-json-stable-stringify/-/fast-json-stable-stringify-2.1.0.tgz",
      "integrity": "sha512-lhd/wF+Lk98HZoTCtlVraHtfh5XYijIjalXck7saUtuanSDyLMxnHhSXEDJqHxD7msR8D0uCmqlkwjCV8xvwHw=="
    },
    "foreach": {
      "version": "2.0.5",
      "resolved": "https://registry.npmjs.org/foreach/-/foreach-2.0.5.tgz",
      "integrity": "sha1-C+4AUBiusmDQo6865ljdATbsG5k="
    },
    "geojson-vt": {
      "version": "3.2.1",
      "resolved": "https://registry.npmjs.org/geojson-vt/-/geojson-vt-3.2.1.tgz",
      "integrity": "sha512-EvGQQi/zPrDA6zr6BnJD/YhwAkBP8nnJ9emh3EnHQKVMfg/MRVtPbMYdgVy/IaEmn4UfagD2a6fafPDL5hbtwg=="
    },
    "get-stream": {
      "version": "6.0.1",
      "resolved": "https://registry.npmjs.org/get-stream/-/get-stream-6.0.1.tgz",
      "integrity": "sha512-ts6Wi+2j3jQjqi70w5AlN8DFnkSwC+MqmxEzdEALB2qXZYV3X/b1CTfgPLGJNMeAWxdPfU8FO1ms3NUfaHCPYg=="
    },
    "gl-matrix": {
      "version": "3.4.3",
      "resolved": "https://registry.npmjs.org/gl-matrix/-/gl-matrix-3.4.3.tgz",
      "integrity": "sha512-wcCp8vu8FT22BnvKVPjXa/ICBWRq/zjFfdofZy1WSpQZpphblv12/bOQLBC1rMM7SGOFS9ltVmKOHil5+Ml7gA=="
    },
    "gl-vec2": {
      "version": "1.3.0",
      "resolved": "https://registry.npmjs.org/gl-vec2/-/gl-vec2-1.3.0.tgz",
      "integrity": "sha512-YiqaAuNsheWmUV0Sa8k94kBB0D6RWjwZztyO+trEYS8KzJ6OQB/4686gdrf59wld4hHFIvaxynO3nRxpk1Ij/A=="
    },
    "grid-index": {
      "version": "1.1.0",
      "resolved": "https://registry.npmjs.org/grid-index/-/grid-index-1.1.0.tgz",
      "integrity": "sha512-HZRwumpOGUrHyxO5bqKZL0B0GlUpwtCAzZ42sgxUPniu33R1LSFH5yrIcBCHjkctCAh3mtWKcKd9J4vDDdeVHA=="
    },
    "iconv-lite": {
      "version": "0.4.24",
      "resolved": "https://registry.npmjs.org/iconv-lite/-/iconv-lite-0.4.24.tgz",
      "integrity": "sha512-v3MXnZAcvnywkTUEZomIActle7RXXeedOR31wwl7VlyoXO4Qi9arvSenNQWne1TcRwhCL1HwLI21bEqdpj8/rA==",
      "requires": {
        "safer-buffer": ">= 2.1.2 < 3"
      }
    },
    "ieee754": {
      "version": "1.2.1",
      "resolved": "https://registry.npmjs.org/ieee754/-/ieee754-1.2.1.tgz",
      "integrity": "sha512-dcyqhDvX1C46lXZcVqCpK+FtMRQVdIMN6/Df5js2zouUsqG7I6sFxitIC+7KYK29KdXOLHdu9zL4sFnoVQnqaA=="
    },
    "inherits": {
      "version": "2.0.4",
      "resolved": "https://registry.npmjs.org/inherits/-/inherits-2.0.4.tgz",
      "integrity": "sha512-k/vGaX4/Yla3WzyMCvTQOXYeIHvqOKtnqBduzTHpzpQZzAskKMhZ2K+EnBiSM9zGSoIFeMpXKxa4dYeZIQqewQ=="
    },
    "inversify": {
      "version": "5.1.1",
      "resolved": "https://registry.npmjs.org/inversify/-/inversify-5.1.1.tgz",
      "integrity": "sha512-j8grHGDzv1v+8T1sAQ+3boTCntFPfvxLCkNcxB1J8qA0lUN+fAlSyYd+RXKvaPRL4AGyPxViutBEJHNXOyUdFQ=="
    },
    "inversify-inject-decorators": {
      "version": "3.1.0",
      "resolved": "https://registry.npmjs.org/inversify-inject-decorators/-/inversify-inject-decorators-3.1.0.tgz",
      "integrity": "sha512-/seBlVp5bXrLQS3DpKEmlgeZL6C7Tf/QITd+IMQrbBBGuCbxb7k3hRAWu9XSreNpFzLgSboz3sClLSEmGwHphw=="
    },
    "isarray": {
      "version": "1.0.0",
      "resolved": "https://registry.npmjs.org/isarray/-/isarray-1.0.0.tgz",
      "integrity": "sha1-u5NdSFgsuhaMBoNJV6VKPgcSTxE="
    },
    "json-schema-traverse": {
      "version": "0.4.1",
      "resolved": "https://registry.npmjs.org/json-schema-traverse/-/json-schema-traverse-0.4.1.tgz",
      "integrity": "sha512-xbbCH5dCYU5T8LcEhhuh7HJ88HXuW3qsI3Y0zOZFKfZEHcpWiHU/Jxzk629Brsab/mMiHQti9wMP+845RPe3Vg=="
    },
    "kdbush": {
      "version": "3.0.0",
      "resolved": "https://registry.npmjs.org/kdbush/-/kdbush-3.0.0.tgz",
      "integrity": "sha512-hRkd6/XW4HTsA9vjVpY9tuXJYLSlelnkTmVFu4M9/7MIYQtFcHpbugAU7UbOfjOiVSVYl2fqgBuJ32JUmRo5Ew=="
    },
    "l7-tiny-sdf": {
      "version": "0.0.2",
      "resolved": "https://registry.npmjs.org/l7-tiny-sdf/-/l7-tiny-sdf-0.0.2.tgz",
      "integrity": "sha512-Fde4Pq9jycqi3d11I1MfbTISimfCzmEyhq5FhrnbNu9y1BFyCJFxSHbzehmRaYgQPbL4kpI3ldkHGrrFHs10cA=="
    },
    "l7eval5": {
      "version": "0.0.3",
      "resolved": "https://registry.npmjs.org/l7eval5/-/l7eval5-0.0.3.tgz",
      "integrity": "sha512-xnn9x/T0zawTM1L9DASmRXVMb5fTCib83FtGZQcn5ToM1lAo4dutNOK2JAC+jd3mEMWa9MMq188dyoQcqG2WOg==",
      "requires": {
        "@babel/runtime": "^7.8.4",
        "@types/acorn": "^4.0.5",
        "@types/estree": "0.0.41",
        "acorn": "^7.1.0"
      }
    },
    "l7hammerjs": {
      "version": "0.0.6",
      "resolved": "https://registry.npmjs.org/l7hammerjs/-/l7hammerjs-0.0.6.tgz",
      "integrity": "sha512-MwzZZibiwqHVq2AMJtXVGENvP03KAvhNtPwRUFszzSXe2Flt6mdrpv41TPHKOn5beYTcDL0iPQ+NvlSndkX6ag=="
    },
    "l7regl": {
      "version": "0.0.16",
      "resolved": "https://registry.npmjs.org/l7regl/-/l7regl-0.0.16.tgz",
      "integrity": "sha512-sQjRezX2SN168K+NoE6MrDzehLEomD4KhDT8XdpU3mms8s7L4oOuWX0TslSXDMUPSBNrJRf0vGMdrouGRqvQZQ==",
      "requires": {
        "falafel": "^2.2.4",
        "l7eval5": "^0.0.3"
      }
    },
    "lodash": {
      "version": "4.17.21",
      "resolved": "https://registry.npmjs.org/lodash/-/lodash-4.17.21.tgz",
      "integrity": "sha512-v2kDEe57lecTulaDIuNTPy3Ry4gLGJ6Z1O3vE1krgXZNrsQ+LFTGHVxVjcXPs17LhbZVGedAJv8XZ1tvj5FvSg=="
    },
    "lodash-es": {
      "version": "4.17.21",
      "resolved": "https://registry.npmjs.org/lodash-es/-/lodash-es-4.17.21.tgz",
      "integrity": "sha512-mKnC+QJ9pWVzv+C4/U3rRsHapFfHvQFoFB92e52xeyGMcX6/OlIl78je1u8vePzYZSkkogMPJ2yjxxsb89cxyw=="
    },
    "lodash.isarray": {
      "version": "4.0.0",
      "resolved": "https://registry.npmjs.org/lodash.isarray/-/lodash.isarray-4.0.0.tgz",
      "integrity": "sha1-KspJayjEym1yZxUxNZDALm6jRAM="
    },
    "lodash.isnil": {
      "version": "4.0.0",
      "resolved": "https://registry.npmjs.org/lodash.isnil/-/lodash.isnil-4.0.0.tgz",
      "integrity": "sha1-SeKM1VkBNFjIFMVHnTxmOiG/qmw="
    },
    "lodash.isplainobject": {
      "version": "4.0.6",
      "resolved": "https://registry.npmjs.org/lodash.isplainobject/-/lodash.isplainobject-4.0.6.tgz",
      "integrity": "sha1-fFJqUtibRcRcxpC4gWO+BJf1UMs="
    },
    "lodash.mergewith": {
      "version": "4.6.2",
      "resolved": "https://registry.npmjs.org/lodash.mergewith/-/lodash.mergewith-4.6.2.tgz",
      "integrity": "sha512-GK3g5RPZWTRSeLSpgP8Xhra+pnjBC56q9FZYe1d5RN3TJ35dbkGy3YqBSMbyCrlbi+CM9Z3Jk5yTL7RCsqboyQ=="
    },
    "lodash.uniq": {
      "version": "4.5.0",
      "resolved": "https://registry.npmjs.org/lodash.uniq/-/lodash.uniq-4.5.0.tgz",
      "integrity": "sha1-0CJTc662Uq3BvILklFM5qEJ1R3M="
    },
    "mapbox-gl": {
      "version": "1.13.2",
      "resolved": "https://registry.npmjs.org/mapbox-gl/-/mapbox-gl-1.13.2.tgz",
      "integrity": "sha512-CPjtWygL+f7naL+sGHoC2JQR0DG7u+9ik6WdkjjVmz2uy0kBC2l+aKfdi3ZzUR7VKSQJ6Mc/CeCN+6iVNah+ww==",
      "requires": {
        "@mapbox/geojson-rewind": "^0.5.0",
        "@mapbox/geojson-types": "^1.0.2",
        "@mapbox/jsonlint-lines-primitives": "^2.0.2",
        "@mapbox/mapbox-gl-supported": "^1.5.0",
        "@mapbox/point-geometry": "^0.1.0",
        "@mapbox/tiny-sdf": "^1.1.1",
        "@mapbox/unitbezier": "^0.0.0",
        "@mapbox/vector-tile": "^1.3.1",
        "@mapbox/whoots-js": "^3.1.0",
        "csscolorparser": "~1.0.3",
        "earcut": "^2.2.2",
        "geojson-vt": "^3.2.1",
        "gl-matrix": "^3.2.1",
        "grid-index": "^1.1.0",
        "minimist": "^1.2.5",
        "murmurhash-js": "^1.0.0",
        "pbf": "^3.2.1",
        "potpack": "^1.0.1",
        "quickselect": "^2.0.0",
        "rw": "^1.3.3",
        "supercluster": "^7.1.0",
        "tinyqueue": "^2.0.3",
        "vt-pbf": "^3.1.1"
      },
      "dependencies": {
        "@mapbox/geojson-rewind": {
          "version": "0.5.1",
          "resolved": "https://registry.npmjs.org/@mapbox/geojson-rewind/-/geojson-rewind-0.5.1.tgz",
          "integrity": "sha512-eL7fMmfTBKjrb+VFHXCGv9Ot0zc3C0U+CwXo1IrP+EPwDczLoXv34Tgq3y+2mPSFNVUXgU42ILWJTC7145KPTA==",
          "requires": {
            "get-stream": "^6.0.1",
            "minimist": "^1.2.5"
          }
        }
      }
    },
    "merge-json-schemas": {
      "version": "1.0.0",
      "resolved": "https://registry.npmjs.org/merge-json-schemas/-/merge-json-schemas-1.0.0.tgz",
      "integrity": "sha1-LWNeqoQBxfo9A/MPiTSfx8r+5i8=",
      "requires": {
        "lodash.isarray": "^4.0.0",
        "lodash.isnil": "^4.0.0",
        "lodash.isplainobject": "^4.0.6",
        "lodash.mergewith": "^4.6.0",
        "lodash.uniq": "^4.5.0"
      }
    },
    "minimist": {
      "version": "1.2.5",
      "resolved": "https://registry.npmjs.org/minimist/-/minimist-1.2.5.tgz",
      "integrity": "sha512-FM9nNUYrRBAELZQT3xeZQ7fmMOBg6nWNmJKTcgsJeaLstP/UODVpGsr5OhXhhXg6f+qtJ8uiZ+PUxkDWcgIXLw=="
    },
    "murmurhash-js": {
      "version": "1.0.0",
      "resolved": "https://registry.npmjs.org/murmurhash-js/-/murmurhash-js-1.0.0.tgz",
      "integrity": "sha1-sGJ44h/Gw3+lMTcysEEry2rhX1E="
    },
    "object-keys": {
      "version": "1.1.1",
      "resolved": "https://registry.npmjs.org/object-keys/-/object-keys-1.1.1.tgz",
      "integrity": "sha512-NuAESUOUMrlIXOfHKzD6bpPu3tYt3xvjNdRIQ+FeT0lNb4K8WR70CaDxhuNguS2XG+GjkyMwOzsN5ZktImfhLA=="
    },
    "pbf": {
      "version": "3.2.1",
      "resolved": "https://registry.npmjs.org/pbf/-/pbf-3.2.1.tgz",
      "integrity": "sha512-ClrV7pNOn7rtmoQVF4TS1vyU0WhYRnP92fzbfF75jAIwpnzdJXf8iTd4CMEqO4yUenH6NDqLiwjqlh6QgZzgLQ==",
      "requires": {
        "ieee754": "^1.1.12",
        "resolve-protobuf-schema": "^2.1.0"
      }
    },
    "polyline-miter-util": {
      "version": "1.0.1",
      "resolved": "https://registry.npmjs.org/polyline-miter-util/-/polyline-miter-util-1.0.1.tgz",
      "integrity": "sha1-tpPyOJ6g3tNqa89ezS7OS2kX2Vc=",
      "requires": {
        "gl-vec2": "^1.0.0"
      }
    },
    "potpack": {
      "version": "1.0.2",
      "resolved": "https://registry.npmjs.org/potpack/-/potpack-1.0.2.tgz",
      "integrity": "sha512-choctRBIV9EMT9WGAZHn3V7t0Z2pMQyl0EZE6pFc/6ml3ssw7Dlf/oAOvFwjm1HVsqfQN8GfeFyJ+d8tRzqueQ=="
    },
    "process-nextick-args": {
      "version": "2.0.1",
      "resolved": "https://registry.npmjs.org/process-nextick-args/-/process-nextick-args-2.0.1.tgz",
      "integrity": "sha512-3ouUOpQhtgrbOa17J7+uxOTpITYWaGP7/AhoR3+A+/1e9skrzelGi/dXzEYyvbxubEF6Wn2ypscTKiKJFFn1ag=="
    },
    "protocol-buffers-schema": {
      "version": "3.6.0",
      "resolved": "https://registry.npmjs.org/protocol-buffers-schema/-/protocol-buffers-schema-3.6.0.tgz",
      "integrity": "sha512-TdDRD+/QNdrCGCE7v8340QyuXd4kIWIgapsE2+n/SaGiSSbomYl4TjHlvIoCWRpE7wFt02EpB35VVA2ImcBVqw=="
    },
    "punycode": {
      "version": "2.1.1",
      "resolved": "https://registry.npmjs.org/punycode/-/punycode-2.1.1.tgz",
      "integrity": "sha512-XRsRjdf+j5ml+y/6GKHPZbrF/8p2Yga0JPtdqTIY2Xe5ohJPD9saDJJLPvp9+NSBprVvevdXZybnj2cv8OEd0A=="
    },
    "quickselect": {
      "version": "2.0.0",
      "resolved": "https://registry.npmjs.org/quickselect/-/quickselect-2.0.0.tgz",
      "integrity": "sha512-RKJ22hX8mHe3Y6wH/N3wCM6BWtjaxIyyUIkpHOvfFnxdI4yD4tBXEBKSbriGujF6jnSVkJrffuo6vxACiSSxIw=="
    },
    "react-content-loader": {
      "version": "5.1.4",
      "resolved": "https://registry.npmjs.org/react-content-loader/-/react-content-loader-5.1.4.tgz",
      "integrity": "sha512-hTq7pZi2GKCK6a9d3u6XStozm0QGCEjw8cSqQReiWnh2up6IwCha5R5TF0o6SY5qUDpByloEZEZtnFxpJyENFw=="
    },
    "readable-stream": {
      "version": "2.3.7",
      "resolved": "https://registry.npmjs.org/readable-stream/-/readable-stream-2.3.7.tgz",
      "integrity": "sha512-Ebho8K4jIbHAxnuxi7o42OrZgF/ZTNcsZj6nRKyUmkhLFq8CHItp/fy6hQZuZmP/n3yZ9VBUbp4zz/mX8hmYPw==",
      "requires": {
        "core-util-is": "~1.0.0",
        "inherits": "~2.0.3",
        "isarray": "~1.0.0",
        "process-nextick-args": "~2.0.0",
        "safe-buffer": "~5.1.1",
        "string_decoder": "~1.1.1",
        "util-deprecate": "~1.0.1"
      }
    },
    "redeyed": {
      "version": "0.4.4",
      "resolved": "https://registry.npmjs.org/redeyed/-/redeyed-0.4.4.tgz",
      "integrity": "sha1-N+mQpvKyGyoRwuakj9QTVpjLqX8=",
      "requires": {
        "esprima": "~1.0.4"
      }
    },
    "reflect-metadata": {
      "version": "0.1.13",
      "resolved": "https://registry.npmjs.org/reflect-metadata/-/reflect-metadata-0.1.13.tgz",
      "integrity": "sha512-Ts1Y/anZELhSsjMcU605fU9RE4Oi3p5ORujwbIKXfWa+0Zxs510Qrmrce5/Jowq3cHSZSJqBjypxmHarc+vEWg=="
    },
    "regenerator-runtime": {
      "version": "0.13.9",
      "resolved": "https://registry.npmjs.org/regenerator-runtime/-/regenerator-runtime-0.13.9.tgz",
      "integrity": "sha512-p3VT+cOEgxFsRRA9X4lkI1E+k2/CtnKtU4gcxyaCUreilL/vqI6CdZ3wxVUx3UOUg+gnUOQQcRI7BmSI656MYA=="
    },
    "resolve-protobuf-schema": {
      "version": "2.1.0",
      "resolved": "https://registry.npmjs.org/resolve-protobuf-schema/-/resolve-protobuf-schema-2.1.0.tgz",
      "integrity": "sha512-kI5ffTiZWmJaS/huM8wZfEMer1eRd7oJQhDuxeCLe3t7N7mX3z94CN0xPxBQxFYQTSNz9T0i+v6inKqSdK8xrQ==",
      "requires": {
        "protocol-buffers-schema": "^3.3.1"
      }
    },
    "rw": {
      "version": "1.3.3",
      "resolved": "https://registry.npmjs.org/rw/-/rw-1.3.3.tgz",
      "integrity": "sha1-P4Yt+pGrdmsUiF700BEkv9oHT7Q="
    },
    "safe-buffer": {
      "version": "5.1.2",
      "resolved": "https://registry.npmjs.org/safe-buffer/-/safe-buffer-5.1.2.tgz",
      "integrity": "sha512-Gd2UZBJDkXlY7GbJxfsE8/nvKkUEU1G38c1siN6QP6a9PT9MmHB8GnpscSmMJSoF8LOIrt8ud/wPtojys4G6+g=="
    },
    "safer-buffer": {
      "version": "2.1.2",
      "resolved": "https://registry.npmjs.org/safer-buffer/-/safer-buffer-2.1.2.tgz",
      "integrity": "sha512-YZo3K82SD7Riyi0E1EQPojLz7kpepnSQI9IyPbHHg1XXXevb5dJI7tpyN2ADxGcQbHG7vcyRHk0cbwqcQriUtg=="
    },
    "sharkdown": {
      "version": "0.1.1",
      "resolved": "https://registry.npmjs.org/sharkdown/-/sharkdown-0.1.1.tgz",
      "integrity": "sha512-exwooSpmo5s45lrexgz6Q0rFQM574wYIX3iDZ7RLLqOb7IAoQZu9nxlZODU972g19sR69OIpKP2cpHTzU+PHIg==",
      "requires": {
        "cardinal": "~0.4.2",
        "minimist": "0.0.5",
        "split": "~0.2.10"
      },
      "dependencies": {
        "minimist": {
          "version": "0.0.5",
          "resolved": "https://registry.npmjs.org/minimist/-/minimist-0.0.5.tgz",
          "integrity": "sha1-16oye87PUY+RBqxrjwA/o7zqhWY="
        }
      }
    },
    "split": {
      "version": "0.2.10",
      "resolved": "https://registry.npmjs.org/split/-/split-0.2.10.tgz",
      "integrity": "sha1-Zwl8YB1pfOE2j0GPBs0gHPBSGlc=",
      "requires": {
        "through": "2"
      }
    },
    "string_decoder": {
      "version": "1.1.1",
      "resolved": "https://registry.npmjs.org/string_decoder/-/string_decoder-1.1.1.tgz",
      "integrity": "sha512-n/ShnvDi6FHbbVfviro+WojiFzv+s8MPMHBczVePfUpDJLwoLT0ht1l4YwBCbi8pJAveEEdnkHyPyTP/mzRfwg==",
      "requires": {
        "safe-buffer": "~5.1.0"
      }
    },
    "supercluster": {
      "version": "7.1.4",
      "resolved": "https://registry.npmjs.org/supercluster/-/supercluster-7.1.4.tgz",
      "integrity": "sha512-GhKkRM1jMR6WUwGPw05fs66pOFWhf59lXq+Q3J3SxPvhNcmgOtLRV6aVQPMRsmXdpaeFJGivt+t7QXUPL3ff4g==",
      "requires": {
        "kdbush": "^3.0.0"
      }
    },
    "through": {
      "version": "2.3.8",
      "resolved": "https://registry.npmjs.org/through/-/through-2.3.8.tgz",
      "integrity": "sha1-DdTJ/6q8NXlgsbckEV1+Doai4fU="
    },
    "tinyqueue": {
      "version": "2.0.3",
      "resolved": "https://registry.npmjs.org/tinyqueue/-/tinyqueue-2.0.3.tgz",
      "integrity": "sha512-ppJZNDuKGgxzkHihX8v9v9G5f+18gzaTfrukGrq6ueg0lmH4nqVnA2IPG0AEH3jKEk2GRJCUhDoqpoiw3PHLBA=="
    },
    "topojson-client": {
      "version": "3.1.0",
      "resolved": "https://registry.npmjs.org/topojson-client/-/topojson-client-3.1.0.tgz",
      "integrity": "sha512-605uxS6bcYxGXw9qi62XyrV6Q3xwbndjachmNxu8HWTtVPxZfEJN9fd/SZS1Q54Sn2y0TMyMxFj/cJINqGHrKw==",
      "requires": {
        "commander": "2"
      }
    },
    "tslib": {
      "version": "2.3.1",
      "resolved": "https://registry.npmjs.org/tslib/-/tslib-2.3.1.tgz",
      "integrity": "sha512-77EbyPPpMz+FRFRuAFlWMtmgUWGe9UOG2Z25NqCwiIjRhOf5iKGuzSe5P2w1laq+FkRy4p+PCuVkJSGkzTEKVw=="
    },
    "typedarray": {
      "version": "0.0.6",
      "resolved": "https://registry.npmjs.org/typedarray/-/typedarray-0.0.6.tgz",
      "integrity": "sha1-hnrHTjhkGHsdPUfZlqeOxciDB3c="
    },
    "uri-js": {
      "version": "4.4.1",
      "resolved": "https://registry.npmjs.org/uri-js/-/uri-js-4.4.1.tgz",
      "integrity": "sha512-7rKUyy33Q1yc98pQ1DAmLtwX109F7TIfWlW1Ydo8Wl1ii1SeHieeh0HHfPeL2fMXK6z0s8ecKs9frCuLJvndBg==",
      "requires": {
        "punycode": "^2.1.0"
      }
    },
    "util-deprecate": {
      "version": "1.0.2",
      "resolved": "https://registry.npmjs.org/util-deprecate/-/util-deprecate-1.0.2.tgz",
      "integrity": "sha1-RQ1Nyfpw3nMnYvvS1KKJgUGaDM8="
    },
    "viewport-mercator-project": {
      "version": "6.2.3",
      "resolved": "https://registry.npmjs.org/viewport-mercator-project/-/viewport-mercator-project-6.2.3.tgz",
      "integrity": "sha512-QQb0/qCLlP4DdfbHHSWVYXpghB2wkLIiiZQnoelOB59mXKQSyZVxjreq1S+gaBJFpcGkWEcyVtre0+2y2DTl/Q==",
      "requires": {
        "@babel/runtime": "^7.0.0",
        "gl-matrix": "^3.0.0"
      }
    },
    "vt-pbf": {
      "version": "3.1.3",
      "resolved": "https://registry.npmjs.org/vt-pbf/-/vt-pbf-3.1.3.tgz",
      "integrity": "sha512-2LzDFzt0mZKZ9IpVF2r69G9bXaP2Q2sArJCmcCgvfTdCCZzSyz4aCLoQyUilu37Ll56tCblIZrXFIjNUpGIlmA==",
      "requires": {
        "@mapbox/point-geometry": "0.1.0",
        "@mapbox/vector-tile": "^1.3.1",
        "pbf": "^3.2.1"
      }
    },
    "wgs84": {
      "version": "0.0.0",
      "resolved": "https://registry.npmjs.org/wgs84/-/wgs84-0.0.0.tgz",
      "integrity": "sha1-NP3FVZF7blfPKigu0ENxDASc3HY="
    }
  }
}
